{
  "name": "mock-server-cms-linkumkm",
  "lockfileVersion": 3,
  "requires": true,
  "packages": {
    "": {
      "name": "mock-server-cms-linkumkm",
      "devDependencies": {
        "postman-cli": "^1.63.0"
      }
    },
    "node_modules/@postman/pm-bin-linux-arm64": {
      "version": "1.63.0",
      "resolved": "https://registry.npmjs.org/@postman/pm-bin-linux-arm64/-/pm-bin-linux-arm64-1.63.0.tgz",
      "integrity": "sha512-wcmnV6XTxHFqO1T+iotlFuKj5rYcx9Sby/vwV/jN8rlXz/qqTWuzfcCtabQOjuuWQZ7EcX/WdGgJlxCiFVzkRw==",
      "cpu": [
        "arm64"
      ],
      "dev": true,
      "optional": true,
      "os": [
        "linux"
      ]
    },
    "node_modules/@postman/pm-bin-linux-x64": {
      "version": "1.63.0",
      "resolved": "https://registry.npmjs.org/@postman/pm-bin-linux-x64/-/pm-bin-linux-x64-1.63.0.tgz",
      "integrity": "sha512-qde98cs0Vc/8EuFWnmtObMWMXFU/esbpQfLnbJERoucIk1twtMrFm7s2vSY5MaOCYRV1pET4jX7kAZM8ohoc5w==",
      "cpu": [
        "x64"
      ],
      "dev": true,
      "optional": true,
      "os": [
        "linux"
      ]
    },
    "node_modules/@postman/pm-bin-macos-arm64": {
      "version": "1.63.0",
      "resolved": "https://registry.npmjs.org/@postman/pm-bin-macos-arm64/-/pm-bin-macos-arm64-1.63.0.tgz",
      "integrity": "sha512-fvYw6wk366a8FzxKhFPwRPlu5Enlqg04Tnqs0NHVM5saOSvHQXgv0YmCEtDwmSmG7R+IMWEJWr743fBOISN1xg==",
      "cpu": [
        "arm64"
      ],
      "dev": true,
      "optional": true,
      "os": [
        "darwin"
      ]
    },
    "node_modules/@postman/pm-bin-macos-x64": {
      "version": "1.63.0",
      "resolved": "https://registry.npmjs.org/@postman/pm-bin-macos-x64/-/pm-bin-macos-x64-1.63.0.tgz",
      "integrity": "sha512-+m4Gsj3k7h0JSYB8+Ke82LQU7Su3UWhNKaZ38L1yVrMdsPWbtSgoWE9mhJJhyugcg0wpQHxh+K20arKo5wgKRQ==",
      "cpu": [
        "x64"
      ],
      "dev": true,
      "optional": true,
      "os": [
        "darwin"
      ]
    },
    "node_modules/@postman/pm-bin-windows-x64": {
      "version": "1.63.0",
      "resolved": "https://registry.npmjs.org/@postman/pm-bin-windows-x64/-/pm-bin-windows-x64-1.63.0.tgz",
      "integrity": "sha512-95S3a4O+BuBYxB8A5307TFXCb3t6xZHgJG6FIlY4M+fey6dBauWnZADKUy+m1f6cIIBJlKbBHuBfw4+oKkcqXA==",
      "cpu": [
        "x64"
      ],
      "dev": true,
      "optional": true,
      "os": [
        "win32"
      ]
    },
    "node_modules/postman-cli": {
      "version": "1.63.0",
      "resolved": "https://registry.npmjs.org/postman-cli/-/postman-cli-1.63.0.tgz",
      "integrity": "sha512-pmOHOY24v6V9HjsCdAJWWNX7wdNeuXBFc7DcTlwg6In6R617L43pzslBmUl13Jwjbp7w5XHP/1sMnK3vPZZHsg==",
      "dev": true,
      "bin": {
        "postman": "bin/postman.js"
      },
      "optionalDependencies": {
        "@postman/pm-bin-linux-arm64": "1.63.0",
        "@postman/pm-bin-linux-x64": "1.63.0",
        "@postman/pm-bin-macos-arm64": "1.63.0",
        "@postman/pm-bin-macos-x64": "1.63.0",
        "@postman/pm-bin-windows-x64": "1.63.0"
      }
    }
  }
}
